// !$*UTF8*$!
{
	archiveVersion = 1;
	classes = {
	};
	objectVersion = 46;
	objects = {

/* Begin PBXBuildFile section */
		F91CF9D31F25275300BC1EE7 /* PPUIImage+size.swift in Sources */ = {isa = PBXBuildFile; fileRef = F9A30B191F2526D200999D44 /* PPUIImage+size.swift */; };
		F94EE1041E6E03C20008FD15 /* PPMusicImageShadow.h in Headers */ = {isa = PBXBuildFile; fileRef = F94EE1021E6E03C20008FD15 /* PPMusicImageShadow.h */; settings = {ATTRIBUTES = (Public, ); }; };
		F9726B9F1E6E044400F69D83 /* AppDelegate.swift in Sources */ = {isa = PBXBuildFile; fileRef = F9726B9E1E6E044400F69D83 /* AppDelegate.swift */; };
		F9726BA11E6E044400F69D83 /* ViewController.swift in Sources */ = {isa = PBXBuildFile; fileRef = F9726BA01E6E044400F69D83 /* ViewController.swift */; };
		F9726BA41E6E044400F69D83 /* Main.storyboard in Resources */ = {isa = PBXBuildFile; fileRef = F9726BA21E6E044400F69D83 /* Main.storyboard */; };
		F9726BA61E6E044400F69D83 /* Assets.xcassets in Resources */ = {isa = PBXBuildFile; fileRef = F9726BA51E6E044400F69D83 /* Assets.xcassets */; };
		F9726BA91E6E044400F69D83 /* LaunchScreen.storyboard in Resources */ = {isa = PBXBuildFile; fileRef = F9726BA71E6E044400F69D83 /* LaunchScreen.storyboard */; };
		F9726BAF1E6E045A00F69D83 /* PPMusicImageShadow.swift in Sources */ = {isa = PBXBuildFile; fileRef = F9726BAE1E6E045A00F69D83 /* PPMusicImageShadow.swift */; };
		F9726BB01E6E045A00F69D83 /* PPMusicImageShadow.swift in Sources */ = {isa = PBXBuildFile; fileRef = F9726BAE1E6E045A00F69D83 /* PPMusicImageShadow.swift */; };
		F9726BB61E6E04F500F69D83 /* lotus-978659_1920.jpg in Resources */ = {isa = PBXBuildFile; fileRef = F9726BB41E6E04F500F69D83 /* lotus-978659_1920.jpg */; };
		F9726BB91E6E05F800F69D83 /* prairie-679016_1920.jpg in Resources */ = {isa = PBXBuildFile; fileRef = F9726BB71E6E05F800F69D83 /* prairie-679016_1920.jpg */; };
		F9726BBC1E6E063100F69D83 /* italy-2080072_640.jpg in Resources */ = {isa = PBXBuildFile; fileRef = F9726BBA1E6E063100F69D83 /* italy-2080072_640.jpg */; };
		F9726BC01E6E07BB00F69D83 /* ProgramingExampleViewController.swift in Sources */ = {isa = PBXBuildFile; fileRef = F9726BBF1E6E07BB00F69D83 /* ProgramingExampleViewController.swift */; };
		F9726BC11E6E07BB00F69D83 /* ProgramingExampleViewController.swift in Sources */ = {isa = PBXBuildFile; fileRef = F9726BBF1E6E07BB00F69D83 /* ProgramingExampleViewController.swift */; };
		F9A30B1A1F2526D200999D44 /* PPUIImage+size.swift in Sources */ = {isa = PBXBuildFile; fileRef = F9A30B191F2526D200999D44 /* PPUIImage+size.swift */; };
/* End PBXBuildFile section */

/* Begin PBXFileReference section */
		F94EE0FF1E6E03C20008FD15 /* PPMusicImageShadow.framework */ = {isa = PBXFileReference; explicitFileType = wrapper.framework; includeInIndex = 0; path = PPMusicImageShadow.framework; sourceTree = BUILT_PRODUCTS_DIR; };
		F94EE1021E6E03C20008FD15 /* PPMusicImageShadow.h */ = {isa = PBXFileReference; lastKnownFileType = sourcecode.c.h; path = PPMusicImageShadow.h; sourceTree = "<group>"; };
		F94EE1031E6E03C20008FD15 /* Info.plist */ = {isa = PBXFileReference; lastKnownFileType = text.plist.xml; path = Info.plist; sourceTree = "<group>"; };
		F9726B9C1E6E044400F69D83 /* PPMusicImageShadowExample.app */ = {isa = PBXFileReference; explicitFileType = wrapper.application; includeInIndex = 0; path = PPMusicImageShadowExample.app; sourceTree = BUILT_PRODUCTS_DIR; };
		F9726B9E1E6E044400F69D83 /* AppDelegate.swift */ = {isa = PBXFileReference; lastKnownFileType = sourcecode.swift; path = AppDelegate.swift; sourceTree = "<group>"; };
		F9726BA01E6E044400F69D83 /* ViewController.swift */ = {isa = PBXFileReference; lastKnownFileType = sourcecode.swift; path = ViewController.swift; sourceTree = "<group>"; };
		F9726BA31E6E044400F69D83 /* Base */ = {isa = PBXFileReference; lastKnownFileType = file.storyboard; name = Base; path = Base.lproj/Main.storyboard; sourceTree = "<group>"; };
		F9726BA51E6E044400F69D83 /* Assets.xcassets */ = {isa = PBXFileReference; lastKnownFileType = folder.assetcatalog; path = Assets.xcassets; sourceTree = "<group>"; };
		F9726BA81E6E044400F69D83 /* Base */ = {isa = PBXFileReference; lastKnownFileType = file.storyboard; name = Base; path = Base.lproj/LaunchScreen.storyboard; sourceTree = "<group>"; };
		F9726BAA1E6E044400F69D83 /* Info.plist */ = {isa = PBXFileReference; lastKnownFileType = text.plist.xml; path = Info.plist; sourceTree = "<group>"; };
		F9726BAE1E6E045A00F69D83 /* PPMusicImageShadow.swift */ = {isa = PBXFileReference; fileEncoding = 4; lastKnownFileType = sourcecode.swift; path = PPMusicImageShadow.swift; sourceTree = "<group>"; };
		F9726BB41E6E04F500F69D83 /* lotus-978659_1920.jpg */ = {isa = PBXFileReference; lastKnownFileType = image.jpeg; path = "lotus-978659_1920.jpg"; sourceTree = "<group>"; };
		F9726BB71E6E05F800F69D83 /* prairie-679016_1920.jpg */ = {isa = PBXFileReference; lastKnownFileType = image.jpeg; path = "prairie-679016_1920.jpg"; sourceTree = "<group>"; };
		F9726BBA1E6E063100F69D83 /* italy-2080072_640.jpg */ = {isa = PBXFileReference; lastKnownFileType = image.jpeg; path = "italy-2080072_640.jpg"; sourceTree = "<group>"; };
		F9726BBF1E6E07BB00F69D83 /* ProgramingExampleViewController.swift */ = {isa = PBXFileReference; fileEncoding = 4; lastKnownFileType = sourcecode.swift; path = ProgramingExampleViewController.swift; sourceTree = "<group>"; };
		F9A30B191F2526D200999D44 /* PPUIImage+size.swift */ = {isa = PBXFileReference; fileEncoding = 4; lastKnownFileType = sourcecode.swift; path = "PPUIImage+size.swift"; sourceTree = "<group>"; };
/* End PBXFileReference section */

/* Begin PBXFrameworksBuildPhase section */
		F94EE0FB1E6E03C20008FD15 /* Frameworks */ = {
			isa = PBXFrameworksBuildPhase;
			buildActionMask = 2147483647;
			files = (
			);
			runOnlyForDeploymentPostprocessing = 0;
		};
		F9726B991E6E044400F69D83 /* Frameworks */ = {
			isa = PBXFrameworksBuildPhase;
			buildActionMask = 2147483647;
			files = (
			);
			runOnlyForDeploymentPostprocessing = 0;
		};
/* End PBXFrameworksBuildPhase section */

/* Begin PBXGroup section */
		F94EE0F51E6E03C20008FD15 = {
			isa = PBXGroup;
			children = (
				F94EE1011E6E03C20008FD15 /* PPMusicImageShadow */,
				F9726B9D1E6E044400F69D83 /* PPMusicImageShadowExample */,
				F94EE1001E6E03C20008FD15 /* Products */,
			);
			sourceTree = "<group>";
		};
		F94EE1001E6E03C20008FD15 /* Products */ = {
			isa = PBXGroup;
			children = (
				F94EE0FF1E6E03C20008FD15 /* PPMusicImageShadow.framework */,
				F9726B9C1E6E044400F69D83 /* PPMusicImageShadowExample.app */,
			);
			name = Products;
			sourceTree = "<group>";
		};
		F94EE1011E6E03C20008FD15 /* PPMusicImageShadow */ = {
			isa = PBXGroup;
			children = (
				F9A30B191F2526D200999D44 /* PPUIImage+size.swift */,
				F9726BAE1E6E045A00F69D83 /* PPMusicImageShadow.swift */,
				F94EE1021E6E03C20008FD15 /* PPMusicImageShadow.h */,
				F94EE1031E6E03C20008FD15 /* Info.plist */,
			);
			path = PPMusicImageShadow;
			sourceTree = "<group>";
		};
		F9726B9D1E6E044400F69D83 /* PPMusicImageShadowExample */ = {
			isa = PBXGroup;
			children = (
				F9726B9E1E6E044400F69D83 /* AppDelegate.swift */,
				F9726BA21E6E044400F69D83 /* Main.storyboard */,
				F9726BBE1E6E079800F69D83 /* ProgramExample */,
				F9726BBD1E6E078B00F69D83 /* StoryboardExample */,
				F9726BB71E6E05F800F69D83 /* prairie-679016_1920.jpg */,
				F9726BB41E6E04F500F69D83 /* lotus-978659_1920.jpg */,
				F9726BBA1E6E063100F69D83 /* italy-2080072_640.jpg */,
				F9726BA51E6E044400F69D83 /* Assets.xcassets */,
				F9726BA71E6E044400F69D83 /* LaunchScreen.storyboard */,
				F9726BAA1E6E044400F69D83 /* Info.plist */,
			);
			path = PPMusicImageShadowExample;
			sourceTree = "<group>";
		};
		F9726BBD1E6E078B00F69D83 /* StoryboardExample */ = {
			isa = PBXGroup;
			children = (
				F9726BA01E6E044400F69D83 /* ViewController.swift */,
			);
			name = StoryboardExample;
			sourceTree = "<group>";
		};
		F9726BBE1E6E079800F69D83 /* ProgramExample */ = {
			isa = PBXGroup;
			children = (
				F9726BBF1E6E07BB00F69D83 /* ProgramingExampleViewController.swift */,
			);
			name = ProgramExample;
			path = ../..;
			sourceTree = "<group>";
		};
/* End PBXGroup section */

/* Begin PBXHeadersBuildPhase section */
		F94EE0FC1E6E03C20008FD15 /* Headers */ = {
			isa = PBXHeadersBuildPhase;
			buildActionMask = 2147483647;
			files = (
				F94EE1041E6E03C20008FD15 /* PPMusicImageShadow.h in Headers */,
			);
			runOnlyForDeploymentPostprocessing = 0;
		};
/* End PBXHeadersBuildPhase section */

/* Begin PBXNativeTarget section */
		F94EE0FE1E6E03C20008FD15 /* PPMusicImageShadow */ = {
			isa = PBXNativeTarget;
			buildConfigurationList = F94EE1071E6E03C20008FD15 /* Build configuration list for PBXNativeTarget "PPMusicImageShadow" */;
			buildPhases = (
				F94EE0FA1E6E03C20008FD15 /* Sources */,
				F94EE0FB1E6E03C20008FD15 /* Frameworks */,
				F94EE0FC1E6E03C20008FD15 /* Headers */,
				F94EE0FD1E6E03C20008FD15 /* Resources */,
			);
			buildRules = (
			);
			dependencies = (
			);
			name = PPMusicImageShadow;
			productName = PPMusicImageShadow;
			productReference = F94EE0FF1E6E03C20008FD15 /* PPMusicImageShadow.framework */;
			productType = "com.apple.product-type.framework";
		};
		F9726B9B1E6E044400F69D83 /* PPMusicImageShadowExample */ = {
			isa = PBXNativeTarget;
			buildConfigurationList = F9726BAD1E6E044400F69D83 /* Build configuration list for PBXNativeTarget "PPMusicImageShadowExample" */;
			buildPhases = (
				F9726B981E6E044400F69D83 /* Sources */,
				F9726B991E6E044400F69D83 /* Frameworks */,
				F9726B9A1E6E044400F69D83 /* Resources */,
			);
			buildRules = (
			);
			dependencies = (
			);
			name = PPMusicImageShadowExample;
			productName = PPMusicImageShadowExample;
			productReference = F9726B9C1E6E044400F69D83 /* PPMusicImageShadowExample.app */;
			productType = "com.apple.product-type.application";
		};
/* End PBXNativeTarget section */

/* Begin PBXProject section */
		F94EE0F61E6E03C20008FD15 /* Project object */ = {
			isa = PBXProject;
			attributes = {
				LastSwiftUpdateCheck = 0820;
				LastUpgradeCheck = 0820;
				ORGANIZATIONNAME = "Pierre Perrin";
				TargetAttributes = {
					F94EE0FE1E6E03C20008FD15 = {
						CreatedOnToolsVersion = 8.2.1;
						DevelopmentTeam = PCKYQNTV3N;
						LastSwiftMigration = 0820;
						ProvisioningStyle = Automatic;
					};
					F9726B9B1E6E044400F69D83 = {
						CreatedOnToolsVersion = 8.2.1;
						DevelopmentTeam = PCKYQNTV3N;
						ProvisioningStyle = Automatic;
					};
				};
			};
			buildConfigurationList = F94EE0F91E6E03C20008FD15 /* Build configuration list for PBXProject "PPMusicImageShadow" */;
			compatibilityVersion = "Xcode 3.2";
			developmentRegion = English;
			hasScannedForEncodings = 0;
			knownRegions = (
				en,
				Base,
			);
			mainGroup = F94EE0F51E6E03C20008FD15;
			productRefGroup = F94EE1001E6E03C20008FD15 /* Products */;
			projectDirPath = "";
			projectRoot = "";
			targets = (
				F94EE0FE1E6E03C20008FD15 /* PPMusicImageShadow */,
				F9726B9B1E6E044400F69D83 /* PPMusicImageShadowExample */,
			);
		};
/* End PBXProject section */

/* Begin PBXResourcesBuildPhase section */
		F94EE0FD1E6E03C20008FD15 /* Resources */ = {
			isa = PBXResourcesBuildPhase;
			buildActionMask = 2147483647;
			files = (
			);
			runOnlyForDeploymentPostprocessing = 0;
		};
		F9726B9A1E6E044400F69D83 /* Resources */ = {
			isa = PBXResourcesBuildPhase;
			buildActionMask = 2147483647;
			files = (
				F9726BA91E6E044400F69D83 /* LaunchScreen.storyboard in Resources */,
				F9726BA61E6E044400F69D83 /* Assets.xcassets in Resources */,
				F9726BBC1E6E063100F69D83 /* italy-2080072_640.jpg in Resources */,
				F9726BA41E6E044400F69D83 /* Main.storyboard in Resources */,
				F9726BB91E6E05F800F69D83 /* prairie-679016_1920.jpg in Resources */,
				F9726BB61E6E04F500F69D83 /* lotus-978659_1920.jpg in Resources */,
			);
			runOnlyForDeploymentPostprocessing = 0;
		};
/* End PBXResourcesBuildPhase section */

/* Begin PBXSourcesBuildPhase section */
		F94EE0FA1E6E03C20008FD15 /* Sources */ = {
			isa = PBXSourcesBuildPhase;
			buildActionMask = 2147483647;
			files = (
				F9A30B1A1F2526D200999D44 /* PPUIImage+size.swift in Sources */,
				F9726BAF1E6E045A00F69D83 /* PPMusicImageShadow.swift in Sources */,
				F9726BC01E6E07BB00F69D83 /* ProgramingExampleViewController.swift in Sources */,
			);
			runOnlyForDeploymentPostprocessing = 0;
		};
		F9726B981E6E044400F69D83 /* Sources */ = {
			isa = PBXSourcesBuildPhase;
			buildActionMask = 2147483647;
			files = (
				F91CF9D31F25275300BC1EE7 /* PPUIImage+size.swift in Sources */,
				F9726BB01E6E045A00F69D83 /* PPMusicImageShadow.swift in Sources */,
				F9726BC11E6E07BB00F69D83 /* ProgramingExampleViewController.swift in Sources */,
				F9726BA11E6E044400F69D83 /* ViewController.swift in Sources */,
				F9726B9F1E6E044400F69D83 /* AppDelegate.swift in Sources */,
			);
			runOnlyForDeploymentPostprocessing = 0;
		};
/* End PBXSourcesBuildPhase section */

/* Begin PBXVariantGroup section */
		F9726BA21E6E044400F69D83 /* Main.storyboard */ = {
			isa = PBXVariantGroup;
			children = (
				F9726BA31E6E044400F69D83 /* Base */,
			);
			name = Main.storyboard;
			sourceTree = "<group>";
		};
		F9726BA71E6E044400F69D83 /* LaunchScreen.storyboard */ = {
			isa = PBXVariantGroup;
			children = (
				F9726BA81E6E044400F69D83 /* Base */,
			);
			name = LaunchScreen.storyboard;
			sourceTree = "<group>";
		};
/* End PBXVariantGroup section */

/* Begin XCBuildConfiguration section */
		F94EE1051E6E03C20008FD15 /* Debug */ = {
			isa = XCBuildConfiguration;
			buildSettings = {
				ALWAYS_SEARCH_USER_PATHS = NO;
				CLANG_ANALYZER_NONNULL = YES;
				CLANG_CXX_LANGUAGE_STANDARD = "gnu++0x";
				CLANG_CXX_LIBRARY = "libc++";
				CLANG_ENABLE_MODULES = YES;
				CLANG_ENABLE_OBJC_ARC = YES;
				CLANG_WARN_BOOL_CONVERSION = YES;
				CLANG_WARN_CONSTANT_CONVERSION = YES;
				CLANG_WARN_DIRECT_OBJC_ISA_USAGE = YES_ERROR;
				CLANG_WARN_DOCUMENTATION_COMMENTS = YES;
				CLANG_WARN_EMPTY_BODY = YES;
				CLANG_WARN_ENUM_CONVERSION = YES;
				CLANG_WARN_INFINITE_RECURSION = YES;
				CLANG_WARN_INT_CONVERSION = YES;
				CLANG_WARN_OBJC_ROOT_CLASS = YES_ERROR;
				CLANG_WARN_SUSPICIOUS_MOVE = YES;
				CLANG_WARN_UNREACHABLE_CODE = YES;
				CLANG_WARN__DUPLICATE_METHOD_MATCH = YES;
				"CODE_SIGN_IDENTITY[sdk=iphoneos*]" = "iPhone Developer";
				COPY_PHASE_STRIP = NO;
				CURRENT_PROJECT_VERSION = 1;
				DEBUG_INFORMATION_FORMAT = dwarf;
				ENABLE_STRICT_OBJC_MSGSEND = YES;
				ENABLE_TESTABILITY = YES;
				GCC_C_LANGUAGE_STANDARD = gnu99;
				GCC_DYNAMIC_NO_PIC = NO;
				GCC_NO_COMMON_BLOCKS = YES;
				GCC_OPTIMIZATION_LEVEL = 0;
				GCC_PREPROCESSOR_DEFINITIONS = (
					"DEBUG=1",
					"$(inherited)",
				);
				GCC_WARN_64_TO_32_BIT_CONVERSION = YES;
				GCC_WARN_ABOUT_RETURN_TYPE = YES_ERROR;
				GCC_WARN_UNDECLARED_SELECTOR = YES;
				GCC_WARN_UNINITIALIZED_AUTOS = YES_AGGRESSIVE;
				GCC_WARN_UNUSED_FUNCTION = YES;
				GCC_WARN_UNUSED_VARIABLE = YES;
				IPHONEOS_DEPLOYMENT_TARGET = 10.2;
				MTL_ENABLE_DEBUG_INFO = YES;
				ONLY_ACTIVE_ARCH = YES;
				SDKROOT = iphoneos;
				SWIFT_ACTIVE_COMPILATION_CONDITIONS = DEBUG;
				SWIFT_OPTIMIZATION_LEVEL = "-Onone";
				TARGETED_DEVICE_FAMILY = "1,2";
				VERSIONING_SYSTEM = "apple-generic";
				VERSION_INFO_PREFIX = "";
			};
			name = Debug;
		};
		F94EE1061E6E03C20008FD15 /* Release */ = {
			isa = XCBuildConfiguration;
			buildSettings = {
				ALWAYS_SEARCH_USER_PATHS = NO;
				CLANG_ANALYZER_NONNULL = YES;
				CLANG_CXX_LANGUAGE_STANDARD = "gnu++0x";
				CLANG_CXX_LIBRARY = "libc++";
				CLANG_ENABLE_MODULES = YES;
				CLANG_ENABLE_OBJC_ARC = YES;
				CLANG_WARN_BOOL_CONVERSION = YES;
				CLANG_WARN_CONSTANT_CONVERSION = YES;
				CLANG_WARN_DIRECT_OBJC_ISA_USAGE = YES_ERROR;
				CLANG_WARN_DOCUMENTATION_COMMENTS = YES;
				CLANG_WARN_EMPTY_BODY = YES;
				CLANG_WARN_ENUM_CONVERSION = YES;
				CLANG_WARN_INFINITE_RECURSION = YES;
				CLANG_WARN_INT_CONVERSION = YES;
				CLANG_WARN_OBJC_ROOT_CLASS = YES_ERROR;
				CLANG_WARN_SUSPICIOUS_MOVE = YES;
				CLANG_WARN_UNREACHABLE_CODE = YES;
				CLANG_WARN__DUPLICATE_METHOD_MATCH = YES;
				"CODE_SIGN_IDENTITY[sdk=iphoneos*]" = "iPhone Developer";
				COPY_PHASE_STRIP = NO;
				CURRENT_PROJECT_VERSION = 1;
				DEBUG_INFORMATION_FORMAT = "dwarf-with-dsym";
				ENABLE_NS_ASSERTIONS = NO;
				ENABLE_STRICT_OBJC_MSGSEND = YES;
				GCC_C_LANGUAGE_STANDARD = gnu99;
				GCC_NO_COMMON_BLOCKS = YES;
				GCC_WARN_64_TO_32_BIT_CONVERSION = YES;
				GCC_WARN_ABOUT_RETURN_TYPE = YES_ERROR;
				GCC_WARN_UNDECLARED_SELECTOR = YES;
				GCC_WARN_UNINITIALIZED_AUTOS = YES_AGGRESSIVE;
				GCC_WARN_UNUSED_FUNCTION = YES;
				GCC_WARN_UNUSED_VARIABLE = YES;
				IPHONEOS_DEPLOYMENT_TARGET = 10.2;
				MTL_ENABLE_DEBUG_INFO = NO;
				SDKROOT = iphoneos;
				SWIFT_OPTIMIZATION_LEVEL = "-Owholemodule";
				TARGETED_DEVICE_FAMILY = "1,2";
				VALIDATE_PRODUCT = YES;
				VERSIONING_SYSTEM = "apple-generic";
				VERSION_INFO_PREFIX = "";
			};
			name = Release;
		};
		F94EE1081E6E03C20008FD15 /* Debug */ = {
			isa = XCBuildConfiguration;
			buildSettings = {
				CLANG_ENABLE_MODULES = YES;
				CODE_SIGN_IDENTITY = "";
				DEFINES_MODULE = YES;
				DEVELOPMENT_TEAM = PCKYQNTV3N;
				DYLIB_COMPATIBILITY_VERSION = 1;
				DYLIB_CURRENT_VERSION = 1;
				DYLIB_INSTALL_NAME_BASE = "@rpath";
				INFOPLIST_FILE = PPMusicImageShadow/Info.plist;
				INSTALL_PATH = "$(LOCAL_LIBRARY_DIR)/Frameworks";
				LD_RUNPATH_SEARCH_PATHS = "$(inherited) @executable_path/Frameworks @loader_path/Frameworks";
				PRODUCT_BUNDLE_IDENTIFIER = PP.PPMusicImageShadow;
				PRODUCT_NAME = "$(TARGET_NAME)";
				SKIP_INSTALL = YES;
				SWIFT_OPTIMIZATION_LEVEL = "-Onone";
				SWIFT_VERSION = 3.0;
			};
			name = Debug;
		};
		F94EE1091E6E03C20008FD15 /* Release */ = {
			isa = XCBuildConfiguration;
			buildSettings = {
				CLANG_ENABLE_MODULES = YES;
				CODE_SIGN_IDENTITY = "";
				DEFINES_MODULE = YES;
				DEVELOPMENT_TEAM = PCKYQNTV3N;
				DYLIB_COMPATIBILITY_VERSION = 1;
				DYLIB_CURRENT_VERSION = 1;
				DYLIB_INSTALL_NAME_BASE = "@rpath";
				INFOPLIST_FILE = PPMusicImageShadow/Info.plist;
				INSTALL_PATH = "$(LOCAL_LIBRARY_DIR)/Frameworks";
				LD_RUNPATH_SEARCH_PATHS = "$(inherited) @executable_path/Frameworks @loader_path/Frameworks";
				PRODUCT_BUNDLE_IDENTIFIER = PP.PPMusicImageShadow;
				PRODUCT_NAME = "$(TARGET_NAME)";
				SKIP_INSTALL = YES;
				SWIFT_VERSION = 3.0;
			};
			name = Release;
		};
		F9726BAB1E6E044400F69D83 /* Debug */ = {
			isa = XCBuildConfiguration;
			buildSettings = {
				ASSETCATALOG_COMPILER_APPICON_NAME = AppIcon;
				DEVELOPMENT_TEAM = PCKYQNTV3N;
				INFOPLIST_FILE = PPMusicImageShadowExample/Info.plist;
				LD_RUNPATH_SEARCH_PATHS = "$(inherited) @executable_path/Frameworks";
				PRODUCT_BUNDLE_IDENTIFIER = PP.PPMusicImageShadowExample;
				PRODUCT_NAME = "$(TARGET_NAME)";
				SWIFT_VERSION = 3.0;
			};
			name = Debug;
		};
		F9726BAC1E6E044400F69D83 /* Release */ = {
			isa = XCBuildConfiguration;
			buildSettings = {
				ASSETCATALOG_COMPILER_APPICON_NAME = AppIcon;
				DEVELOPMENT_TEAM = PCKYQNTV3N;
				INFOPLIST_FILE = PPMusicImageShadowExample/Info.plist;
				LD_RUNPATH_SEARCH_PATHS = "$(inherited) @executable_path/Frameworks";
				PRODUCT_BUNDLE_IDENTIFIER = PP.PPMusicImageShadowExample;
				PRODUCT_NAME = "$(TARGET_NAME)";
				SWIFT_VERSION = 3.0;
			};
			name = Release;
		};
/* End XCBuildConfiguration section */

/* Begin XCConfigurationList section */
		F94EE0F91E6E03C20008FD15 /* Build configuration list for PBXProject "PPMusicImageShadow" */ = {
			isa = XCConfigurationList;
			buildConfigurations = (
				F94EE1051E6E03C20008FD15 /* Debug */,
				F94EE1061E6E03C20008FD15 /* Release */,
			);
			defaultConfigurationIsVisible = 0;
			defaultConfigurationName = Release;
		};
		F94EE1071E6E03C20008FD15 /* Build configuration list for PBXNativeTarget "PPMusicImageShadow" */ = {
			isa = XCConfigurationList;
			buildConfigurations = (
				F94EE1081E6E03C20008FD15 /* Debug */,
				F94EE1091E6E03C20008FD15 /* Release */,
			);
			defaultConfigurationIsVisible = 0;
			defaultConfigurationName = Release;
		};
		F9726BAD1E6E044400F69D83 /* Build configuration list for PBXNativeTarget "PPMusicImageShadowExample" */ = {
			isa = XCConfigurationList;
			buildConfigurations = (
				F9726BAB1E6E044400F69D83 /* Debug */,
				F9726BAC1E6E044400F69D83 /* Release */,
			);
			defaultConfigurationIsVisible = 0;
			defaultConfigurationName = Release;
		};
/* End XCConfigurationList section */
	};
	rootObject = F94EE0F61E6E03C20008FD15 /* Project object */;
}
